
Microsoft Visual Studio Solution File, Format Version 12.00
# Visual Studio Version 16
VisualStudioVersion = 16.0.29905.134
MinimumVisualStudioVersion = 10.0.40219.1
Project("{FAE04EC0-301F-11D3-BF4B-00C04F79EFBC}") = "MarkovChain", "MarkovChain\MarkovChain.csproj", "{B7362E68-6484-456E-8F61-F1C68DD83540}"
EndProject
Global
	GlobalSection(SolutionConfigurationPlatforms) = preSolution
		Debug|Any CPU = Debug|Any CPU
		Release|Any CPU = Release|Any CPU
	EndGlobalSection
	GlobalSection(ProjectConfigurationPlatforms) = postSolution
		{B7362E68-6484-456E-8F61-F1C68DD83540}.Debug|Any CPU.ActiveCfg = Debug|Any CPU
		{B7362E68-6484-456E-8F61-F1C68DD83540}.Debug|Any CPU.Build.0 = Debug|Any CPU
		{B7362E68-6484-456E-8F61-F1C68DD83540}.Release|Any CPU.ActiveCfg = Release|Any CPU
		{B7362E68-6484-456E-8F61-F1C68DD83540}.Release|Any CPU.Build.0 = Release|Any CPU
	EndGlobalSection
	GlobalSection(SolutionProperties) = preSolution
		HideSolutionNode = FALSE
	EndGlobalSection
	GlobalSection(ExtensibilityGlobals) = postSolution
		SolutionGuid = {66164D5D-51FC-4F12-8E20-94DEE408A241}
	EndGlobalSection
EndGlobal
